{
  "name": "lightning-lsp-common",
  "version": "1.0.0",
  "lockfileVersion": 1,
  "requires": true,
  "dependencies": {
    "@types/decamelize": {
      "version": "1.2.0",
      "resolved": "https://nexus.soma.salesforce.com/nexus/content/groups/npm-all/@types/decamelize/-/decamelize-1.2.0.tgz",
      "integrity": "sha512-viw/LG++yGW9GP7ggfDpR+qpBz/NHFEbRTWNumTzebeUlURwfX+sjQfdfbiEoxXgJrj+1G8p4VN/bLquur7Hmg==",
      "dev": true
    },
    "@types/deep-equal": {
      "version": "1.0.1",
      "resolved": "https://nexus.soma.salesforce.com/nexus/content/groups/npm-all/@types/deep-equal/-/deep-equal-1.0.1.tgz",
      "integrity": "sha512-mMUu4nWHLBlHtxXY17Fg6+ucS/MnndyOWyOe7MmwkoMYxvfQU2ajtRaEvqSUv+aVkMqH/C0NCI8UoVfRNQ10yg=="
    },
    "@types/events": {
      "version": "1.2.0",
      "resolved": "https://nexus.soma.salesforce.com/nexus/content/groups/npm-all/@types/events/-/events-1.2.0.tgz",
      "integrity": "sha512-KEIlhXnIutzKwRbQkGWb/I4HFqBuUykAdHgDED6xqwXJfONCjF5VoE0cXEiurh3XauygxzeDzgtXUqvLkxFzzA==",
      "dev": true
    },
    "@types/fs-extra": {
      "version": "5.0.4",
      "resolved": "https://nexus.soma.salesforce.com/nexus/content/groups/npm-all/@types/fs-extra/-/fs-extra-5.0.4.tgz",
      "integrity": "sha512-DsknoBvD8s+RFfSGjmERJ7ZOP1HI0UZRA3FSI+Zakhrc/Gy26YQsLI+m5V5DHxroHRJqCDLKJp7Hixn8zyaF7g==",
      "dev": true,
      "requires": {
        "@types/node": "*"
      }
    },
    "@types/glob": {
      "version": "7.1.1",
      "resolved": "https://nexus.soma.salesforce.com/nexus/content/groups/npm-all/@types/glob/-/glob-7.1.1.tgz",
      "integrity": "sha512-1Bh06cbWJUHMC97acuD6UMG29nMt0Aqz1vF3guLfG+kHHJhy3AyohZFFxYk2f7Q1SQIrNwvncxAE0N/9s70F2w==",
      "dev": true,
      "requires": {
        "@types/events": "*",
        "@types/minimatch": "*",
        "@types/node": "*"
      }
    },
    "@types/lodash": {
      "version": "4.14.119",
      "resolved": "https://nexus.soma.salesforce.com/nexus/content/groups/npm-all/@types/lodash/-/lodash-4.14.119.tgz",
      "integrity": "sha512-Z3TNyBL8Vd/M9D9Ms2S3LmFq2sSMzahodD6rCS9V2N44HUMINb75jNkSuwAx7eo2ufqTdfOdtGQpNbieUjPQmw=="
    },
    "@types/lodash.template": {
      "version": "4.4.4",
      "resolved": "https://nexus.soma.salesforce.com/nexus/content/groups/npm-all/@types/lodash.template/-/lodash.template-4.4.4.tgz",
      "integrity": "sha512-Z858mvp8gSWCU76Mus6gmqFl5YFhdwhdd/012P07X+MsgJS+cLOAIO+od4At8OYE3BU4KVrAYOadLRzexw15eQ==",
      "requires": {
        "@types/lodash": "*"
      }
    },
    "@types/minimatch": {
      "version": "3.0.3",
      "resolved": "https://nexus.soma.salesforce.com/nexus/content/groups/npm-all/@types/minimatch/-/minimatch-3.0.3.tgz",
      "integrity": "sha512-tHq6qdbT9U1IRSGf14CL0pUlULksvY9OZ+5eEgl1N7t+OA3tGvNpxJCzuKQlsNgCVwbAs670L1vcVQi8j9HjnA==",
      "dev": true
    },
    "@types/node": {
      "version": "10.12.18",
      "resolved": "https://nexus.soma.salesforce.com/nexus/content/groups/npm-all/@types/node/-/node-10.12.18.tgz",
      "integrity": "sha512-fh+pAqt4xRzPfqA6eh3Z2y6fyZavRIumvjhaCL753+TVkGKGhpPeyrJG2JftD0T9q4GF00KjefsQ+PQNDdWQaQ==",
      "dev": true
    },
    "@types/semver": {
      "version": "5.5.0",
      "resolved": "https://nexus.soma.salesforce.com/nexus/content/groups/npm-all/@types/semver/-/semver-5.5.0.tgz",
      "integrity": "sha512-41qEJgBH/TWgo5NFSvBCJ1qkoi3Q6ONSF2avrHq1LVEZfYpdHmj0y9SuTK+u9ZhG1sYQKBL1AWXKyLWP4RaUoQ==",
      "dev": true
    },
    "balanced-match": {
      "version": "1.0.0",
      "resolved": "https://nexus.soma.salesforce.com/nexus/content/groups/npm-all/balanced-match/-/balanced-match-1.0.0.tgz",
      "integrity": "sha1-ibTRmasr7kneFk6gK4nORi1xt2c="
    },
    "brace-expansion": {
      "version": "1.1.11",
      "resolved": "https://nexus.soma.salesforce.com/nexus/content/groups/npm-all/brace-expansion/-/brace-expansion-1.1.11.tgz",
      "integrity": "sha512-iCuPHDFgrHX7H2vEI/5xpz07zSHB00TpugqhmYtVmMO6518mCuRMoOYFldEBl0g187ufozdaHgWKcYFb61qGiA==",
      "requires": {
        "balanced-match": "^1.0.0",
        "concat-map": "0.0.1"
      }
    },
    "concat-map": {
      "version": "0.0.1",
      "resolved": "https://nexus.soma.salesforce.com/nexus/content/groups/npm-all/concat-map/-/concat-map-0.0.1.tgz",
      "integrity": "sha1-2Klr13/Wjfd5OnMDajug1UBdR3s="
    },
    "decamelize": {
      "version": "2.0.0",
      "resolved": "https://nexus.soma.salesforce.com/nexus/content/groups/npm-all/decamelize/-/decamelize-2.0.0.tgz",
      "integrity": "sha512-Ikpp5scV3MSYxY39ymh45ZLEecsTdv/Xj2CaQfI8RLMuwi7XvjX9H/fhraiSuU+C5w5NTDu4ZU72xNiZnurBPg==",
      "requires": {
        "xregexp": "4.0.0"
      }
    },
    "deep-equal": {
      "version": "1.0.1",
      "resolved": "https://nexus.soma.salesforce.com/nexus/content/groups/npm-all/deep-equal/-/deep-equal-1.0.1.tgz",
      "integrity": "sha1-9dJgKStmDghO/0zbyfCK0yR0SLU="
    },
    "fs-extra": {
      "version": "7.0.1",
      "resolved": "https://nexus.soma.salesforce.com/nexus/content/groups/npm-all/fs-extra/-/fs-extra-7.0.1.tgz",
      "integrity": "sha512-YJDaCJZEnBmcbw13fvdAM9AwNOJwOzrE4pqMqBq5nFiEqXUqHwlK4B+3pUw6JNvfSPtX05xFHtYy/1ni01eGCw==",
      "requires": {
        "graceful-fs": "^4.1.2",
        "jsonfile": "^4.0.0",
        "universalify": "^0.1.0"
      }
    },
    "fs.realpath": {
      "version": "1.0.0",
      "resolved": "https://nexus.soma.salesforce.com/nexus/content/groups/npm-all/fs.realpath/-/fs.realpath-1.0.0.tgz",
      "integrity": "sha1-FQStJSMVjKpA20onh8sBQRmU6k8="
    },
    "glob": {
      "version": "7.1.3",
      "resolved": "https://nexus.soma.salesforce.com/nexus/content/groups/npm-all/glob/-/glob-7.1.3.tgz",
      "integrity": "sha512-vcfuiIxogLV4DlGBHIUOwI0IbrJ8HWPc4MU7HzviGeNho/UJDfi6B5p3sHeWIQ0KGIU0Jpxi5ZHxemQfLkkAwQ==",
      "requires": {
        "fs.realpath": "^1.0.0",
        "inflight": "^1.0.4",
        "inherits": "2",
        "minimatch": "^3.0.4",
        "once": "^1.3.0",
        "path-is-absolute": "^1.0.0"
      }
    },
    "graceful-fs": {
      "version": "4.1.15",
      "resolved": "https://nexus.soma.salesforce.com/nexus/content/groups/npm-all/graceful-fs/-/graceful-fs-4.1.15.tgz",
      "integrity": "sha512-6uHUhOPEBgQ24HM+r6b/QwWfZq+yiFcipKFrOFiBEnWdy5sdzYoi+pJeQaPI5qOLRFqWmAXUPQNsielzdLoecA=="
    },
    "inflight": {
      "version": "1.0.6",
      "resolved": "https://nexus.soma.salesforce.com/nexus/content/groups/npm-all/inflight/-/inflight-1.0.6.tgz",
      "integrity": "sha1-Sb1jMdfQLQwJvJEKEHW6gWW1bfk=",
      "requires": {
        "once": "^1.3.0",
        "wrappy": "1"
      }
    },
    "inherits": {
      "version": "2.0.3",
      "resolved": "https://nexus.soma.salesforce.com/nexus/content/groups/npm-all/inherits/-/inherits-2.0.3.tgz",
      "integrity": "sha1-Yzwsg+PaQqUC9SRmAiSA9CCCYd4="
    },
    "jsonfile": {
      "version": "4.0.0",
      "resolved": "https://nexus.soma.salesforce.com/nexus/content/groups/npm-all/jsonfile/-/jsonfile-4.0.0.tgz",
      "integrity": "sha1-h3Gq4HmbZAdrdmQPygWPnBDjPss=",
      "requires": {
        "graceful-fs": "^4.1.6"
      }
    },
    "lodash._reinterpolate": {
      "version": "3.0.0",
      "resolved": "https://nexus.soma.salesforce.com/nexus/content/groups/npm-all/lodash._reinterpolate/-/lodash._reinterpolate-3.0.0.tgz",
      "integrity": "sha1-DM8tiRZq8Ds2Y8eWU4t1rG4RTZ0="
    },
    "lodash.templatesettings": {
      "version": "4.1.0",
      "resolved": "https://nexus.soma.salesforce.com/nexus/content/groups/npm-all/lodash.templatesettings/-/lodash.templatesettings-4.1.0.tgz",
      "integrity": "sha1-K01OlbpEDZFf8IvImeRVNmZxMxY=",
      "requires": {
        "lodash._reinterpolate": "~3.0.0"
      }
    },
    "minimatch": {
      "version": "3.0.4",
      "resolved": "https://nexus.soma.salesforce.com/nexus/content/groups/npm-all/minimatch/-/minimatch-3.0.4.tgz",
      "integrity": "sha512-yJHVQEhyqPLUTgt9B83PXu6W3rx4MvvHvSUvToogpwoGDOUQ+yDrR0HRot+yOCdCO7u4hX3pWft6kWBBcqh0UA==",
      "requires": {
        "brace-expansion": "^1.1.7"
      }
    },
    "once": {
      "version": "1.4.0",
      "resolved": "https://nexus.soma.salesforce.com/nexus/content/groups/npm-all/once/-/once-1.4.0.tgz",
      "integrity": "sha1-WDsap3WWHUsROsF9nFC6753Xa9E=",
      "requires": {
        "wrappy": "1"
      }
    },
    "path-is-absolute": {
      "version": "1.0.1",
      "resolved": "https://nexus.soma.salesforce.com/nexus/content/groups/npm-all/path-is-absolute/-/path-is-absolute-1.0.1.tgz",
      "integrity": "sha1-F0uSaHNVNP+8es5r9TpanhtcX18="
    },
    "properties": {
      "version": "1.2.1",
      "resolved": "https://nexus.soma.salesforce.com/nexus/content/groups/npm-all/properties/-/properties-1.2.1.tgz",
      "integrity": "sha1-Dul6f8AgsaKlW4ZZ7aSqjYaQlL0="
    },
    "semver": {
      "version": "5.6.0",
      "resolved": "https://nexus.soma.salesforce.com/nexus/content/groups/npm-all/semver/-/semver-5.6.0.tgz",
      "integrity": "sha512-RS9R6R35NYgQn++fkDWaOmqGoj4Ek9gGs+DPxNUZKuwE183xjJroKvyo1IzVFeXvUrvmALy6FWD5xrdJT25gMg=="
    },
    "universalify": {
      "version": "0.1.2",
      "resolved": "https://nexus.soma.salesforce.com/nexus/content/groups/npm-all/universalify/-/universalify-0.1.2.tgz",
      "integrity": "sha512-rBJeI5CXAlmy1pV+617WB9J63U6XcazHHF2f2dbJix4XzpUF0RS3Zbj0FGIOCAva5P/d/GBOYaACQ1w+0azUkg=="
    },
    "vscode-jsonrpc": {
      "version": "4.0.0",
      "resolved": "https://nexus.soma.salesforce.com/nexus/content/groups/npm-all/vscode-jsonrpc/-/vscode-jsonrpc-4.0.0.tgz",
      "integrity": "sha512-perEnXQdQOJMTDFNv+UF3h1Y0z4iSiaN9jIlb0OqIYgosPCZGYh/MCUlkFtV2668PL69lRDO32hmvL2yiidUYg=="
    },
    "vscode-languageserver": {
      "version": "5.2.1",
      "resolved": "https://nexus.soma.salesforce.com/nexus/content/groups/npm-all/vscode-languageserver/-/vscode-languageserver-5.2.1.tgz",
      "integrity": "sha512-GuayqdKZqAwwaCUjDvMTAVRPJOp/SLON3mJ07eGsx/Iq9HjRymhKWztX41rISqDKhHVVyFM+IywICyZDla6U3A==",
      "requires": {
        "vscode-languageserver-protocol": "3.14.1",
        "vscode-uri": "^1.0.6"
      }
    },
    "vscode-languageserver-protocol": {
      "version": "3.14.1",
      "resolved": "https://nexus.soma.salesforce.com/nexus/content/groups/npm-all/vscode-languageserver-protocol/-/vscode-languageserver-protocol-3.14.1.tgz",
      "integrity": "sha512-IL66BLb2g20uIKog5Y2dQ0IiigW0XKrvmWiOvc0yXw80z3tMEzEnHjaGAb3ENuU7MnQqgnYJ1Cl2l9RvNgDi4g==",
      "requires": {
        "vscode-jsonrpc": "^4.0.0",
        "vscode-languageserver-types": "3.14.0"
      }
    },
    "vscode-languageserver-types": {
      "version": "3.14.0",
      "resolved": "https://nexus.soma.salesforce.com/nexus/content/groups/npm-all/vscode-languageserver-types/-/vscode-languageserver-types-3.14.0.tgz",
      "integrity": "sha512-lTmS6AlAlMHOvPQemVwo3CezxBp0sNB95KNPkqp3Nxd5VFEnuG1ByM0zlRWos0zjO3ZWtkvhal0COgiV1xIA4A=="
    },
    "vscode-uri": {
      "version": "1.0.6",
      "resolved": "https://nexus.soma.salesforce.com/nexus/content/groups/npm-all/vscode-uri/-/vscode-uri-1.0.6.tgz",
      "integrity": "sha512-sLI2L0uGov3wKVb9EB+vIQBl9tVP90nqRvxSoJ35vI3NjxE8jfsE5DSOhWgSunHSZmKS4OCi2jrtfxK7uyp2ww=="
    },
    "wrappy": {
      "version": "1.0.2",
      "resolved": "https://nexus.soma.salesforce.com/nexus/content/groups/npm-all/wrappy/-/wrappy-1.0.2.tgz",
      "integrity": "sha1-tSQ9jz7BqjXxNkYFvA0QNuMKtp8="
    },
    "xregexp": {
      "version": "4.0.0",
      "resolved": "https://nexus.soma.salesforce.com/nexus/content/groups/npm-all/xregexp/-/xregexp-4.0.0.tgz",
      "integrity": "sha512-PHyM+sQouu7xspQQwELlGwwd05mXUFqwFYfqPO0cC7x4fxyHnnuetmQr6CjJiafIDoH4MogHb9dOoJzR/Y4rFg=="
    }
  }
}
